
Microsoft Visual Studio Solution File, Format Version 12.00
# Visual Studio Version 17
VisualStudioVersion = 17.11.35327.3
MinimumVisualStudioVersion = 10.0.40219.1
Project("{FAE04EC0-301F-11D3-BF4B-00C04F79EFBC}") = "Book Management API", "Book Management API\Book Management API.csproj", "{51F8345C-D343-4CD3-B526-63277FA4E2C4}"
EndProject
Global
	GlobalSection(SolutionConfigurationPlatforms) = preSolution
		Debug|Any CPU = Debug|Any CPU
		Release|Any CPU = Release|Any CPU
	EndGlobalSection
	GlobalSection(ProjectConfigurationPlatforms) = postSolution
		{51F8345C-D343-4CD3-B526-63277FA4E2C4}.Debug|Any CPU.ActiveCfg = Debug|Any CPU
		{51F8345C-D343-4CD3-B526-63277FA4E2C4}.Debug|Any CPU.Build.0 = Debug|Any CPU
		{51F8345C-D343-4CD3-B526-63277FA4E2C4}.Release|Any CPU.ActiveCfg = Release|Any CPU
		{51F8345C-D343-4CD3-B526-63277FA4E2C4}.Release|Any CPU.Build.0 = Release|Any CPU
	EndGlobalSection
	GlobalSection(SolutionProperties) = preSolution
		HideSolutionNode = FALSE
	EndGlobalSection
	GlobalSection(ExtensibilityGlobals) = postSolution
		SolutionGuid = {7381D29F-0546-4214-8CF3-B3985C08F952}
	EndGlobalSection
EndGlobal
